// !$*UTF8*$!
{
	archiveVersion = 1;
	classes = {
	};
	objectVersion = 46;
	objects = {

/* Begin PBXBuildFile section */
		3549BB501DA38A2000C63030 /* MyBrainTechnologiesSDK.h in Headers */ = {isa = PBXBuildFile; fileRef = 3549BB181DA3890B00C63030 /* MyBrainTechnologiesSDK.h */; settings = {ATTRIBUTES = (Public, ); }; };
		3549BB511DA38A2000C63030 /* MyBrainTechnologiesSDK.h in Headers */ = {isa = PBXBuildFile; fileRef = 3549BB181DA3890B00C63030 /* MyBrainTechnologiesSDK.h */; settings = {ATTRIBUTES = (Public, ); }; };
		3549BB521DA38A2100C63030 /* MyBrainTechnologiesSDK.h in Headers */ = {isa = PBXBuildFile; fileRef = 3549BB181DA3890B00C63030 /* MyBrainTechnologiesSDK.h */; settings = {ATTRIBUTES = (Public, ); }; };
		3549BB531DA38A2200C63030 /* MyBrainTechnologiesSDK.h in Headers */ = {isa = PBXBuildFile; fileRef = 3549BB181DA3890B00C63030 /* MyBrainTechnologiesSDK.h */; settings = {ATTRIBUTES = (Public, ); }; };
		3549BB661DA38ADB00C63030 /* MyBrainTechnologiesSDK.framework in Frameworks */ = {isa = PBXBuildFile; fileRef = 3549BB211DA389CD00C63030 /* MyBrainTechnologiesSDK.framework */; };
		3549BB751DA38AEF00C63030 /* MyBrainTechnologiesSDK.framework in Frameworks */ = {isa = PBXBuildFile; fileRef = 3549BB481DA389F300C63030 /* MyBrainTechnologiesSDK.framework */; };
		3549BB841DA38B0000C63030 /* MyBrainTechnologiesSDK.framework in Frameworks */ = {isa = PBXBuildFile; fileRef = 3549BB3B1DA389E800C63030 /* MyBrainTechnologiesSDK.framework */; };
		3549BB8B1DA38C0A00C63030 /* MyBrainTechnologiesSDKSpec.swift in Sources */ = {isa = PBXBuildFile; fileRef = 3549BB8A1DA38C0A00C63030 /* MyBrainTechnologiesSDKSpec.swift */; };
		3549BB8C1DA38C0A00C63030 /* MyBrainTechnologiesSDKSpec.swift in Sources */ = {isa = PBXBuildFile; fileRef = 3549BB8A1DA38C0A00C63030 /* MyBrainTechnologiesSDKSpec.swift */; };
		3549BB8D1DA38C0A00C63030 /* MyBrainTechnologiesSDKSpec.swift in Sources */ = {isa = PBXBuildFile; fileRef = 3549BB8A1DA38C0A00C63030 /* MyBrainTechnologiesSDKSpec.swift */; };
		F41A6D581F053FC100092027 /* Realm.framework in Frameworks */ = {isa = PBXBuildFile; fileRef = F495BD401F040CB700755BD1 /* Realm.framework */; };
		F41A6D591F053FC100092027 /* RealmSwift.framework in Frameworks */ = {isa = PBXBuildFile; fileRef = F495BD311F040CB400755BD1 /* RealmSwift.framework */; };
		F41A6D6E1F05588100092027 /* MBTDevice.swift in Sources */ = {isa = PBXBuildFile; fileRef = F41A6D6D1F05588100092027 /* MBTDevice.swift */; };
		F41A6D701F056DA800092027 /* MBTEEGPacket.swift in Sources */ = {isa = PBXBuildFile; fileRef = F41A6D6F1F056DA800092027 /* MBTEEGPacket.swift */; };
		F41D0C141F02A7650081AA7B /* MBTAcquisitionDelegate.swift in Sources */ = {isa = PBXBuildFile; fileRef = F41D0C131F02A7650081AA7B /* MBTAcquisitionDelegate.swift */; };
		F420E9A31EFD5F68008C0B08 /* MBTBluetoothA2DP.swift in Sources */ = {isa = PBXBuildFile; fileRef = F420E99F1EFD5F68008C0B08 /* MBTBluetoothA2DP.swift */; };
		F420E9A41EFD5F68008C0B08 /* MBTBluetoothEventDelegate.swift in Sources */ = {isa = PBXBuildFile; fileRef = F420E9A01EFD5F68008C0B08 /* MBTBluetoothEventDelegate.swift */; };
		F420E9A51EFD5F68008C0B08 /* MBTBluetoothLE.swift in Sources */ = {isa = PBXBuildFile; fileRef = F420E9A11EFD5F68008C0B08 /* MBTBluetoothLE.swift */; };
		F420E9A61EFD5F68008C0B08 /* MBTBluetoothManager.swift in Sources */ = {isa = PBXBuildFile; fileRef = F420E9A21EFD5F68008C0B08 /* MBTBluetoothManager.swift */; };
		F420E9A91EFD6288008C0B08 /* MBTAcquisitionManager.swift in Sources */ = {isa = PBXBuildFile; fileRef = F420E9A81EFD6288008C0B08 /* MBTAcquisitionManager.swift */; };
		F458373D1EC5C21000C5D596 /* MelomindEngine.swift in Sources */ = {isa = PBXBuildFile; fileRef = F45837381EC5C21000C5D596 /* MelomindEngine.swift */; };
		F47AE4901F028FA700AB3C24 /* MBTBluetoothA2DPDelegate.swift in Sources */ = {isa = PBXBuildFile; fileRef = F47AE48F1F028FA700AB3C24 /* MBTBluetoothA2DPDelegate.swift */; };
		F4A235ED1F01786200A0145A /* MelomindEngineDelegate.swift in Sources */ = {isa = PBXBuildFile; fileRef = F4A235EC1F01786200A0145A /* MelomindEngineDelegate.swift */; };
/* End PBXBuildFile section */

/* Begin PBXContainerItemProxy section */
		3549BB671DA38ADB00C63030 /* PBXContainerItemProxy */ = {
			isa = PBXContainerItemProxy;
			containerPortal = 3549BAFC1DA387DB00C63030 /* Project object */;
			proxyType = 1;
			remoteGlobalIDString = 3549BB201DA389CD00C63030;
			remoteInfo = "MyBrainTechnologiesSDK-iOS";
		};
		3549BB761DA38AEF00C63030 /* PBXContainerItemProxy */ = {
			isa = PBXContainerItemProxy;
			containerPortal = 3549BAFC1DA387DB00C63030 /* Project object */;
			proxyType = 1;
			remoteGlobalIDString = 3549BB471DA389F300C63030;
			remoteInfo = "MyBrainTechnologiesSDK-tvOS";
		};
		3549BB851DA38B0000C63030 /* PBXContainerItemProxy */ = {
			isa = PBXContainerItemProxy;
			containerPortal = 3549BAFC1DA387DB00C63030 /* Project object */;
			proxyType = 1;
			remoteGlobalIDString = 3549BB3A1DA389E800C63030;
			remoteInfo = "MyBrainTechnologiesSDK-macOS";
		};
/* End PBXContainerItemProxy section */

/* Begin PBXFileReference section */
		3549BB171DA3890B00C63030 /* Info.plist */ = {isa = PBXFileReference; fileEncoding = 4; lastKnownFileType = text.plist.xml; path = Info.plist; sourceTree = "<group>"; };
		3549BB181DA3890B00C63030 /* MyBrainTechnologiesSDK.h */ = {isa = PBXFileReference; fileEncoding = 4; lastKnownFileType = sourcecode.c.h; path = MyBrainTechnologiesSDK.h; sourceTree = "<group>"; };
		3549BB211DA389CD00C63030 /* MyBrainTechnologiesSDK.framework */ = {isa = PBXFileReference; explicitFileType = wrapper.framework; includeInIndex = 0; path = MyBrainTechnologiesSDK.framework; sourceTree = BUILT_PRODUCTS_DIR; };
		3549BB2E1DA389DB00C63030 /* MyBrainTechnologiesSDK.framework */ = {isa = PBXFileReference; explicitFileType = wrapper.framework; includeInIndex = 0; path = MyBrainTechnologiesSDK.framework; sourceTree = BUILT_PRODUCTS_DIR; };
		3549BB3B1DA389E800C63030 /* MyBrainTechnologiesSDK.framework */ = {isa = PBXFileReference; explicitFileType = wrapper.framework; includeInIndex = 0; path = MyBrainTechnologiesSDK.framework; sourceTree = BUILT_PRODUCTS_DIR; };
		3549BB481DA389F300C63030 /* MyBrainTechnologiesSDK.framework */ = {isa = PBXFileReference; explicitFileType = wrapper.framework; includeInIndex = 0; path = MyBrainTechnologiesSDK.framework; sourceTree = BUILT_PRODUCTS_DIR; };
		3549BB551DA38A5E00C63030 /* Info-tvOS.plist */ = {isa = PBXFileReference; fileEncoding = 4; lastKnownFileType = text.plist.xml; path = "Info-tvOS.plist"; sourceTree = "<group>"; };
		3549BB571DA38A8800C63030 /* Info-tvOS.plist */ = {isa = PBXFileReference; fileEncoding = 4; lastKnownFileType = text.plist.xml; path = "Info-tvOS.plist"; sourceTree = "<group>"; };
		3549BB581DA38A8800C63030 /* Info.plist */ = {isa = PBXFileReference; fileEncoding = 4; lastKnownFileType = text.plist.xml; path = Info.plist; sourceTree = "<group>"; };
		3549BB611DA38ADB00C63030 /* MyBrainTechnologiesSDKTests-iOS.xctest */ = {isa = PBXFileReference; explicitFileType = wrapper.cfbundle; includeInIndex = 0; path = "MyBrainTechnologiesSDKTests-iOS.xctest"; sourceTree = BUILT_PRODUCTS_DIR; };
		3549BB701DA38AEF00C63030 /* MyBrainTechnologiesSDKTests-tvOS.xctest */ = {isa = PBXFileReference; explicitFileType = wrapper.cfbundle; includeInIndex = 0; path = "MyBrainTechnologiesSDKTests-tvOS.xctest"; sourceTree = BUILT_PRODUCTS_DIR; };
		3549BB7F1DA38B0000C63030 /* MyBrainTechnologiesSDKTests-macOS.xctest */ = {isa = PBXFileReference; explicitFileType = wrapper.cfbundle; includeInIndex = 0; path = "MyBrainTechnologiesSDKTests-macOS.xctest"; sourceTree = BUILT_PRODUCTS_DIR; };
		3549BB8A1DA38C0A00C63030 /* MyBrainTechnologiesSDKSpec.swift */ = {isa = PBXFileReference; fileEncoding = 4; lastKnownFileType = sourcecode.swift; path = MyBrainTechnologiesSDKSpec.swift; sourceTree = "<group>"; };
		35CD64E81E60192300AF060B /* Common.xcconfig */ = {isa = PBXFileReference; lastKnownFileType = text.xcconfig; path = Common.xcconfig; sourceTree = "<group>"; };
		35CD64EA1E60192300AF060B /* Debug.xcconfig */ = {isa = PBXFileReference; lastKnownFileType = text.xcconfig; path = Debug.xcconfig; sourceTree = "<group>"; };
		35CD64EB1E60192300AF060B /* Profile.xcconfig */ = {isa = PBXFileReference; lastKnownFileType = text.xcconfig; path = Profile.xcconfig; sourceTree = "<group>"; };
		35CD64EC1E60192300AF060B /* Release.xcconfig */ = {isa = PBXFileReference; lastKnownFileType = text.xcconfig; path = Release.xcconfig; sourceTree = "<group>"; };
		35CD64ED1E60192300AF060B /* Test.xcconfig */ = {isa = PBXFileReference; lastKnownFileType = text.xcconfig; path = Test.xcconfig; sourceTree = "<group>"; };
		35CD64EF1E60192300AF060B /* Application.xcconfig */ = {isa = PBXFileReference; lastKnownFileType = text.xcconfig; path = Application.xcconfig; sourceTree = "<group>"; };
		35CD64F01E60192300AF060B /* Framework.xcconfig */ = {isa = PBXFileReference; lastKnownFileType = text.xcconfig; path = Framework.xcconfig; sourceTree = "<group>"; };
		35CD64F11E60192300AF060B /* StaticLibrary.xcconfig */ = {isa = PBXFileReference; lastKnownFileType = text.xcconfig; path = StaticLibrary.xcconfig; sourceTree = "<group>"; };
		35CD65041E60192300AF060B /* iOS-Application.xcconfig */ = {isa = PBXFileReference; lastKnownFileType = text.xcconfig; path = "iOS-Application.xcconfig"; sourceTree = "<group>"; };
		35CD65051E60192300AF060B /* iOS-Base.xcconfig */ = {isa = PBXFileReference; lastKnownFileType = text.xcconfig; path = "iOS-Base.xcconfig"; sourceTree = "<group>"; };
		35CD65061E60192300AF060B /* iOS-Framework.xcconfig */ = {isa = PBXFileReference; lastKnownFileType = text.xcconfig; path = "iOS-Framework.xcconfig"; sourceTree = "<group>"; };
		35CD65071E60192300AF060B /* iOS-StaticLibrary.xcconfig */ = {isa = PBXFileReference; lastKnownFileType = text.xcconfig; path = "iOS-StaticLibrary.xcconfig"; sourceTree = "<group>"; };
		35CD65091E60192300AF060B /* Mac-Application.xcconfig */ = {isa = PBXFileReference; lastKnownFileType = text.xcconfig; path = "Mac-Application.xcconfig"; sourceTree = "<group>"; };
		35CD650A1E60192300AF060B /* Mac-Base.xcconfig */ = {isa = PBXFileReference; lastKnownFileType = text.xcconfig; path = "Mac-Base.xcconfig"; sourceTree = "<group>"; };
		35CD650B1E60192300AF060B /* Mac-DynamicLibrary.xcconfig */ = {isa = PBXFileReference; lastKnownFileType = text.xcconfig; path = "Mac-DynamicLibrary.xcconfig"; sourceTree = "<group>"; };
		35CD650C1E60192300AF060B /* Mac-Framework.xcconfig */ = {isa = PBXFileReference; lastKnownFileType = text.xcconfig; path = "Mac-Framework.xcconfig"; sourceTree = "<group>"; };
		35CD650D1E60192300AF060B /* Mac-StaticLibrary.xcconfig */ = {isa = PBXFileReference; lastKnownFileType = text.xcconfig; path = "Mac-StaticLibrary.xcconfig"; sourceTree = "<group>"; };
		35CD65101E60192300AF060B /* tvOS-Application.xcconfig */ = {isa = PBXFileReference; lastKnownFileType = text.xcconfig; path = "tvOS-Application.xcconfig"; sourceTree = "<group>"; };
		35CD65111E60192300AF060B /* tvOS-Base.xcconfig */ = {isa = PBXFileReference; lastKnownFileType = text.xcconfig; path = "tvOS-Base.xcconfig"; sourceTree = "<group>"; };
		35CD65121E60192300AF060B /* tvOS-Framework.xcconfig */ = {isa = PBXFileReference; lastKnownFileType = text.xcconfig; path = "tvOS-Framework.xcconfig"; sourceTree = "<group>"; };
		35CD65131E60192300AF060B /* tvOS-StaticLibrary.xcconfig */ = {isa = PBXFileReference; lastKnownFileType = text.xcconfig; path = "tvOS-StaticLibrary.xcconfig"; sourceTree = "<group>"; };
		35CD65151E60192300AF060B /* watchOS-Application.xcconfig */ = {isa = PBXFileReference; lastKnownFileType = text.xcconfig; path = "watchOS-Application.xcconfig"; sourceTree = "<group>"; };
		35CD65161E60192300AF060B /* watchOS-Base.xcconfig */ = {isa = PBXFileReference; lastKnownFileType = text.xcconfig; path = "watchOS-Base.xcconfig"; sourceTree = "<group>"; };
		35CD65171E60192300AF060B /* watchOS-Framework.xcconfig */ = {isa = PBXFileReference; lastKnownFileType = text.xcconfig; path = "watchOS-Framework.xcconfig"; sourceTree = "<group>"; };
		35CD65181E60192300AF060B /* watchOS-StaticLibrary.xcconfig */ = {isa = PBXFileReference; lastKnownFileType = text.xcconfig; path = "watchOS-StaticLibrary.xcconfig"; sourceTree = "<group>"; };
		F41A6D6D1F05588100092027 /* MBTDevice.swift */ = {isa = PBXFileReference; fileEncoding = 4; lastKnownFileType = sourcecode.swift; name = MBTDevice.swift; path = Models/MBTDevice.swift; sourceTree = "<group>"; };
		F41A6D6F1F056DA800092027 /* MBTEEGPacket.swift */ = {isa = PBXFileReference; fileEncoding = 4; lastKnownFileType = sourcecode.swift; name = MBTEEGPacket.swift; path = Models/MBTEEGPacket.swift; sourceTree = "<group>"; };
		F41D0C131F02A7650081AA7B /* MBTAcquisitionDelegate.swift */ = {isa = PBXFileReference; fileEncoding = 4; lastKnownFileType = sourcecode.swift; name = MBTAcquisitionDelegate.swift; path = "Acquisition Module/MBTAcquisitionDelegate.swift"; sourceTree = "<group>"; };
		F420E99F1EFD5F68008C0B08 /* MBTBluetoothA2DP.swift */ = {isa = PBXFileReference; fileEncoding = 4; lastKnownFileType = sourcecode.swift; name = MBTBluetoothA2DP.swift; path = "Bluetooth Module/MBTBluetoothA2DP.swift"; sourceTree = "<group>"; };
		F420E9A01EFD5F68008C0B08 /* MBTBluetoothEventDelegate.swift */ = {isa = PBXFileReference; fileEncoding = 4; lastKnownFileType = sourcecode.swift; name = MBTBluetoothEventDelegate.swift; path = "Bluetooth Module/MBTBluetoothEventDelegate.swift"; sourceTree = "<group>"; };
		F420E9A11EFD5F68008C0B08 /* MBTBluetoothLE.swift */ = {isa = PBXFileReference; fileEncoding = 4; lastKnownFileType = sourcecode.swift; name = MBTBluetoothLE.swift; path = "Bluetooth Module/MBTBluetoothLE.swift"; sourceTree = "<group>"; };
		F420E9A21EFD5F68008C0B08 /* MBTBluetoothManager.swift */ = {isa = PBXFileReference; fileEncoding = 4; lastKnownFileType = sourcecode.swift; name = MBTBluetoothManager.swift; path = "Bluetooth Module/MBTBluetoothManager.swift"; sourceTree = "<group>"; };
		F420E9A81EFD6288008C0B08 /* MBTAcquisitionManager.swift */ = {isa = PBXFileReference; fileEncoding = 4; lastKnownFileType = sourcecode.swift; name = MBTAcquisitionManager.swift; path = "Acquisition Module/MBTAcquisitionManager.swift"; sourceTree = "<group>"; };
		F45837381EC5C21000C5D596 /* MelomindEngine.swift */ = {isa = PBXFileReference; fileEncoding = 4; lastKnownFileType = sourcecode.swift; path = MelomindEngine.swift; sourceTree = "<group>"; };
		F47AE48F1F028FA700AB3C24 /* MBTBluetoothA2DPDelegate.swift */ = {isa = PBXFileReference; fileEncoding = 4; lastKnownFileType = sourcecode.swift; name = MBTBluetoothA2DPDelegate.swift; path = "Bluetooth Module/MBTBluetoothA2DPDelegate.swift"; sourceTree = "<group>"; };
		F495BD311F040CB400755BD1 /* RealmSwift.framework */ = {isa = PBXFileReference; lastKnownFileType = wrapper.framework; name = RealmSwift.framework; path = Carthage/Build/iOS/RealmSwift.framework; sourceTree = "<group>"; };
		F495BD401F040CB700755BD1 /* Realm.framework */ = {isa = PBXFileReference; lastKnownFileType = wrapper.framework; name = Realm.framework; path = Carthage/Build/iOS/Realm.framework; sourceTree = "<group>"; };
		F4A235EC1F01786200A0145A /* MelomindEngineDelegate.swift */ = {isa = PBXFileReference; fileEncoding = 4; lastKnownFileType = sourcecode.swift; path = MelomindEngineDelegate.swift; sourceTree = "<group>"; };
/* End PBXFileReference section */

/* Begin PBXFrameworksBuildPhase section */
		3549BB1D1DA389CD00C63030 /* Frameworks */ = {
			isa = PBXFrameworksBuildPhase;
			buildActionMask = 2147483647;
			files = (
				F41A6D581F053FC100092027 /* Realm.framework in Frameworks */,
				F41A6D591F053FC100092027 /* RealmSwift.framework in Frameworks */,
			);
			runOnlyForDeploymentPostprocessing = 0;
		};
		3549BB2A1DA389DB00C63030 /* Frameworks */ = {
			isa = PBXFrameworksBuildPhase;
			buildActionMask = 2147483647;
			files = (
			);
			runOnlyForDeploymentPostprocessing = 0;
		};
		3549BB371DA389E800C63030 /* Frameworks */ = {
			isa = PBXFrameworksBuildPhase;
			buildActionMask = 2147483647;
			files = (
			);
			runOnlyForDeploymentPostprocessing = 0;
		};
		3549BB441DA389F300C63030 /* Frameworks */ = {
			isa = PBXFrameworksBuildPhase;
			buildActionMask = 2147483647;
			files = (
			);
			runOnlyForDeploymentPostprocessing = 0;
		};
		3549BB5E1DA38ADB00C63030 /* Frameworks */ = {
			isa = PBXFrameworksBuildPhase;
			buildActionMask = 2147483647;
			files = (
				3549BB661DA38ADB00C63030 /* MyBrainTechnologiesSDK.framework in Frameworks */,
			);
			runOnlyForDeploymentPostprocessing = 0;
		};
		3549BB6D1DA38AEF00C63030 /* Frameworks */ = {
			isa = PBXFrameworksBuildPhase;
			buildActionMask = 2147483647;
			files = (
				3549BB751DA38AEF00C63030 /* MyBrainTechnologiesSDK.framework in Frameworks */,
			);
			runOnlyForDeploymentPostprocessing = 0;
		};
		3549BB7C1DA38B0000C63030 /* Frameworks */ = {
			isa = PBXFrameworksBuildPhase;
			buildActionMask = 2147483647;
			files = (
				3549BB841DA38B0000C63030 /* MyBrainTechnologiesSDK.framework in Frameworks */,
			);
			runOnlyForDeploymentPostprocessing = 0;
		};
/* End PBXFrameworksBuildPhase section */

/* Begin PBXGroup section */
		3549BAFB1DA387DB00C63030 = {
			isa = PBXGroup;
			children = (
				3549BB161DA3890B00C63030 /* Sources */,
				3549BB191DA3890B00C63030 /* Tests */,
				3549BB061DA387DB00C63030 /* Products */,
				35CA2AD51E12933000147290 /* Configuration */,
				357D954B1DA3F2B400AEC55F /* Frameworks */,
			);
			sourceTree = "<group>";
		};
		3549BB061DA387DB00C63030 /* Products */ = {
			isa = PBXGroup;
			children = (
				3549BB211DA389CD00C63030 /* MyBrainTechnologiesSDK.framework */,
				3549BB2E1DA389DB00C63030 /* MyBrainTechnologiesSDK.framework */,
				3549BB3B1DA389E800C63030 /* MyBrainTechnologiesSDK.framework */,
				3549BB481DA389F300C63030 /* MyBrainTechnologiesSDK.framework */,
				3549BB611DA38ADB00C63030 /* MyBrainTechnologiesSDKTests-iOS.xctest */,
				3549BB701DA38AEF00C63030 /* MyBrainTechnologiesSDKTests-tvOS.xctest */,
				3549BB7F1DA38B0000C63030 /* MyBrainTechnologiesSDKTests-macOS.xctest */,
			);
			name = Products;
			sourceTree = "<group>";
		};
		3549BB161DA3890B00C63030 /* Sources */ = {
			isa = PBXGroup;
			children = (
				3549BB5C1DA38AA500C63030 /* Core */,
				3549BB541DA38A4000C63030 /* Supporting Files */,
			);
			path = Sources;
			sourceTree = "<group>";
		};
		3549BB191DA3890B00C63030 /* Tests */ = {
			isa = PBXGroup;
			children = (
				3549BB8A1DA38C0A00C63030 /* MyBrainTechnologiesSDKSpec.swift */,
				3549BB5B1DA38A8C00C63030 /* Supporting Files */,
			);
			path = Tests;
			sourceTree = "<group>";
		};
		3549BB541DA38A4000C63030 /* Supporting Files */ = {
			isa = PBXGroup;
			children = (
				F4A235FB1F0178FF00A0145A /* Utils */,
				3549BB181DA3890B00C63030 /* MyBrainTechnologiesSDK.h */,
				3549BB171DA3890B00C63030 /* Info.plist */,
				3549BB551DA38A5E00C63030 /* Info-tvOS.plist */,
			);
			name = "Supporting Files";
			sourceTree = "<group>";
		};
		3549BB5B1DA38A8C00C63030 /* Supporting Files */ = {
			isa = PBXGroup;
			children = (
				3549BB581DA38A8800C63030 /* Info.plist */,
				3549BB571DA38A8800C63030 /* Info-tvOS.plist */,
			);
			name = "Supporting Files";
			sourceTree = "<group>";
		};
		3549BB5C1DA38AA500C63030 /* Core */ = {
			isa = PBXGroup;
			children = (
				F41A6D6C1F0557E700092027 /* Models */,
				F420E9A71EFD601D008C0B08 /* Acquisition Module */,
				F420E9911EFD5F2C008C0B08 /* Bluetooth Module */,
				F45837381EC5C21000C5D596 /* MelomindEngine.swift */,
				F4A235EC1F01786200A0145A /* MelomindEngineDelegate.swift */,
			);
			name = Core;
			sourceTree = "<group>";
		};
		357D954B1DA3F2B400AEC55F /* Frameworks */ = {
			isa = PBXGroup;
			children = (
				F495BD401F040CB700755BD1 /* Realm.framework */,
				F495BD311F040CB400755BD1 /* RealmSwift.framework */,
			);
			name = Frameworks;
			sourceTree = "<group>";
		};
		35CA2AD51E12933000147290 /* Configuration */ = {
			isa = PBXGroup;
			children = (
				35CD64E51E60192300AF060B /* xcconfigs */,
			);
			path = Configuration;
			sourceTree = "<group>";
		};
		35CD64E51E60192300AF060B /* xcconfigs */ = {
			isa = PBXGroup;
			children = (
				35CD64E71E60192300AF060B /* Base */,
				35CD65031E60192300AF060B /* iOS */,
				35CD65081E60192300AF060B /* Mac OS X */,
				35CD650F1E60192300AF060B /* tvOS */,
				35CD65141E60192300AF060B /* watchOS */,
			);
			name = xcconfigs;
			path = Carthage/Checkouts/xcconfigs;
			sourceTree = SOURCE_ROOT;
		};
		35CD64E71E60192300AF060B /* Base */ = {
			isa = PBXGroup;
			children = (
				35CD64E81E60192300AF060B /* Common.xcconfig */,
				35CD64E91E60192300AF060B /* Configurations */,
				35CD64EE1E60192300AF060B /* Targets */,
			);
			path = Base;
			sourceTree = "<group>";
		};
		35CD64E91E60192300AF060B /* Configurations */ = {
			isa = PBXGroup;
			children = (
				35CD64EA1E60192300AF060B /* Debug.xcconfig */,
				35CD64EB1E60192300AF060B /* Profile.xcconfig */,
				35CD64EC1E60192300AF060B /* Release.xcconfig */,
				35CD64ED1E60192300AF060B /* Test.xcconfig */,
			);
			path = Configurations;
			sourceTree = "<group>";
		};
		35CD64EE1E60192300AF060B /* Targets */ = {
			isa = PBXGroup;
			children = (
				35CD64EF1E60192300AF060B /* Application.xcconfig */,
				35CD64F01E60192300AF060B /* Framework.xcconfig */,
				35CD64F11E60192300AF060B /* StaticLibrary.xcconfig */,
			);
			path = Targets;
			sourceTree = "<group>";
		};
		35CD65031E60192300AF060B /* iOS */ = {
			isa = PBXGroup;
			children = (
				35CD65041E60192300AF060B /* iOS-Application.xcconfig */,
				35CD65051E60192300AF060B /* iOS-Base.xcconfig */,
				35CD65061E60192300AF060B /* iOS-Framework.xcconfig */,
				35CD65071E60192300AF060B /* iOS-StaticLibrary.xcconfig */,
			);
			path = iOS;
			sourceTree = "<group>";
		};
		35CD65081E60192300AF060B /* Mac OS X */ = {
			isa = PBXGroup;
			children = (
				35CD65091E60192300AF060B /* Mac-Application.xcconfig */,
				35CD650A1E60192300AF060B /* Mac-Base.xcconfig */,
				35CD650B1E60192300AF060B /* Mac-DynamicLibrary.xcconfig */,
				35CD650C1E60192300AF060B /* Mac-Framework.xcconfig */,
				35CD650D1E60192300AF060B /* Mac-StaticLibrary.xcconfig */,
			);
			path = "Mac OS X";
			sourceTree = "<group>";
		};
		35CD650F1E60192300AF060B /* tvOS */ = {
			isa = PBXGroup;
			children = (
				35CD65101E60192300AF060B /* tvOS-Application.xcconfig */,
				35CD65111E60192300AF060B /* tvOS-Base.xcconfig */,
				35CD65121E60192300AF060B /* tvOS-Framework.xcconfig */,
				35CD65131E60192300AF060B /* tvOS-StaticLibrary.xcconfig */,
			);
			path = tvOS;
			sourceTree = "<group>";
		};
		35CD65141E60192300AF060B /* watchOS */ = {
			isa = PBXGroup;
			children = (
				35CD65151E60192300AF060B /* watchOS-Application.xcconfig */,
				35CD65161E60192300AF060B /* watchOS-Base.xcconfig */,
				35CD65171E60192300AF060B /* watchOS-Framework.xcconfig */,
				35CD65181E60192300AF060B /* watchOS-StaticLibrary.xcconfig */,
			);
			path = watchOS;
			sourceTree = "<group>";
		};
		F41A6D6C1F0557E700092027 /* Models */ = {
			isa = PBXGroup;
			children = (
				F41A6D6D1F05588100092027 /* MBTDevice.swift */,
				F41A6D6F1F056DA800092027 /* MBTEEGPacket.swift */,
			);
			name = Models;
			sourceTree = "<group>";
		};
		F420E9911EFD5F2C008C0B08 /* Bluetooth Module */ = {
			isa = PBXGroup;
			children = (
				F420E99F1EFD5F68008C0B08 /* MBTBluetoothA2DP.swift */,
				F420E9A01EFD5F68008C0B08 /* MBTBluetoothEventDelegate.swift */,
				F420E9A11EFD5F68008C0B08 /* MBTBluetoothLE.swift */,
				F420E9A21EFD5F68008C0B08 /* MBTBluetoothManager.swift */,
				F47AE48F1F028FA700AB3C24 /* MBTBluetoothA2DPDelegate.swift */,
			);
			name = "Bluetooth Module";
			sourceTree = "<group>";
		};
		F420E9A71EFD601D008C0B08 /* Acquisition Module */ = {
			isa = PBXGroup;
			children = (
				F420E9A81EFD6288008C0B08 /* MBTAcquisitionManager.swift */,
				F41D0C131F02A7650081AA7B /* MBTAcquisitionDelegate.swift */,
			);
			name = "Acquisition Module";
			sourceTree = "<group>";
		};
		F4A235FB1F0178FF00A0145A /* Utils */ = {
			isa = PBXGroup;
			children = (
			);
			name = Utils;
			sourceTree = "<group>";
		};
/* End PBXGroup section */

/* Begin PBXHeadersBuildPhase section */
		3549BB1E1DA389CD00C63030 /* Headers */ = {
			isa = PBXHeadersBuildPhase;
			buildActionMask = 2147483647;
			files = (
				3549BB501DA38A2000C63030 /* MyBrainTechnologiesSDK.h in Headers */,
			);
			runOnlyForDeploymentPostprocessing = 0;
		};
		3549BB2B1DA389DB00C63030 /* Headers */ = {
			isa = PBXHeadersBuildPhase;
			buildActionMask = 2147483647;
			files = (
				3549BB521DA38A2100C63030 /* MyBrainTechnologiesSDK.h in Headers */,
			);
			runOnlyForDeploymentPostprocessing = 0;
		};
		3549BB381DA389E800C63030 /* Headers */ = {
			isa = PBXHeadersBuildPhase;
			buildActionMask = 2147483647;
			files = (
				3549BB531DA38A2200C63030 /* MyBrainTechnologiesSDK.h in Headers */,
			);
			runOnlyForDeploymentPostprocessing = 0;
		};
		3549BB451DA389F300C63030 /* Headers */ = {
			isa = PBXHeadersBuildPhase;
			buildActionMask = 2147483647;
			files = (
				3549BB511DA38A2000C63030 /* MyBrainTechnologiesSDK.h in Headers */,
			);
			runOnlyForDeploymentPostprocessing = 0;
		};
/* End PBXHeadersBuildPhase section */

/* Begin PBXNativeTarget section */
		3549BB201DA389CD00C63030 /* MyBrainTechnologiesSDK-iOS */ = {
			isa = PBXNativeTarget;
			buildConfigurationList = 3549BB261DA389CD00C63030 /* Build configuration list for PBXNativeTarget "MyBrainTechnologiesSDK-iOS" */;
			buildPhases = (
				3549BB1C1DA389CD00C63030 /* Sources */,
				3549BB1D1DA389CD00C63030 /* Frameworks */,
				3549BB1E1DA389CD00C63030 /* Headers */,
				3549BB1F1DA389CD00C63030 /* Resources */,
				F41A6D671F05401100092027 /* ShellScript */,
			);
			buildRules = (
			);
			dependencies = (
			);
			name = "MyBrainTechnologiesSDK-iOS";
			productName = "MyBrainTechnologiesSDK-iOS";
			productReference = 3549BB211DA389CD00C63030 /* MyBrainTechnologiesSDK.framework */;
			productType = "com.apple.product-type.framework";
		};
		3549BB2D1DA389DB00C63030 /* MyBrainTechnologiesSDK-watchOS */ = {
			isa = PBXNativeTarget;
			buildConfigurationList = 3549BB331DA389DB00C63030 /* Build configuration list for PBXNativeTarget "MyBrainTechnologiesSDK-watchOS" */;
			buildPhases = (
				3549BB291DA389DB00C63030 /* Sources */,
				3549BB2A1DA389DB00C63030 /* Frameworks */,
				3549BB2B1DA389DB00C63030 /* Headers */,
				3549BB2C1DA389DB00C63030 /* Resources */,
			);
			buildRules = (
			);
			dependencies = (
			);
			name = "MyBrainTechnologiesSDK-watchOS";
			productName = "MyBrainTechnologiesSDK-watchOS";
			productReference = 3549BB2E1DA389DB00C63030 /* MyBrainTechnologiesSDK.framework */;
			productType = "com.apple.product-type.framework";
		};
		3549BB3A1DA389E800C63030 /* MyBrainTechnologiesSDK-macOS */ = {
			isa = PBXNativeTarget;
			buildConfigurationList = 3549BB401DA389E800C63030 /* Build configuration list for PBXNativeTarget "MyBrainTechnologiesSDK-macOS" */;
			buildPhases = (
				3549BB361DA389E800C63030 /* Sources */,
				3549BB371DA389E800C63030 /* Frameworks */,
				3549BB381DA389E800C63030 /* Headers */,
				3549BB391DA389E800C63030 /* Resources */,
			);
			buildRules = (
			);
			dependencies = (
			);
			name = "MyBrainTechnologiesSDK-macOS";
			productName = "MyBrainTechnologiesSDK-macOS";
			productReference = 3549BB3B1DA389E800C63030 /* MyBrainTechnologiesSDK.framework */;
			productType = "com.apple.product-type.framework";
		};
		3549BB471DA389F300C63030 /* MyBrainTechnologiesSDK-tvOS */ = {
			isa = PBXNativeTarget;
			buildConfigurationList = 3549BB4D1DA389F300C63030 /* Build configuration list for PBXNativeTarget "MyBrainTechnologiesSDK-tvOS" */;
			buildPhases = (
				3549BB431DA389F300C63030 /* Sources */,
				3549BB441DA389F300C63030 /* Frameworks */,
				3549BB451DA389F300C63030 /* Headers */,
				3549BB461DA389F300C63030 /* Resources */,
			);
			buildRules = (
			);
			dependencies = (
			);
			name = "MyBrainTechnologiesSDK-tvOS";
			productName = "MyBrainTechnologiesSDK-tvOS";
			productReference = 3549BB481DA389F300C63030 /* MyBrainTechnologiesSDK.framework */;
			productType = "com.apple.product-type.framework";
		};
		3549BB601DA38ADB00C63030 /* MyBrainTechnologiesSDKTests-iOS */ = {
			isa = PBXNativeTarget;
			buildConfigurationList = 3549BB691DA38ADB00C63030 /* Build configuration list for PBXNativeTarget "MyBrainTechnologiesSDKTests-iOS" */;
			buildPhases = (
				3549BB5D1DA38ADB00C63030 /* Sources */,
				3549BB5E1DA38ADB00C63030 /* Frameworks */,
				3549BB5F1DA38ADB00C63030 /* Resources */,
			);
			buildRules = (
			);
			dependencies = (
				3549BB681DA38ADB00C63030 /* PBXTargetDependency */,
			);
			name = "MyBrainTechnologiesSDKTests-iOS";
			productName = "MyBrainTechnologiesSDKTests-iOS";
			productReference = 3549BB611DA38ADB00C63030 /* MyBrainTechnologiesSDKTests-iOS.xctest */;
			productType = "com.apple.product-type.bundle.unit-test";
		};
		3549BB6F1DA38AEF00C63030 /* MyBrainTechnologiesSDKTests-tvOS */ = {
			isa = PBXNativeTarget;
			buildConfigurationList = 3549BB781DA38AEF00C63030 /* Build configuration list for PBXNativeTarget "MyBrainTechnologiesSDKTests-tvOS" */;
			buildPhases = (
				3549BB6C1DA38AEF00C63030 /* Sources */,
				3549BB6D1DA38AEF00C63030 /* Frameworks */,
				3549BB6E1DA38AEF00C63030 /* Resources */,
			);
			buildRules = (
			);
			dependencies = (
				3549BB771DA38AEF00C63030 /* PBXTargetDependency */,
			);
			name = "MyBrainTechnologiesSDKTests-tvOS";
			productName = "MyBrainTechnologiesSDKTests-tvOS";
			productReference = 3549BB701DA38AEF00C63030 /* MyBrainTechnologiesSDKTests-tvOS.xctest */;
			productType = "com.apple.product-type.bundle.unit-test";
		};
		3549BB7E1DA38B0000C63030 /* MyBrainTechnologiesSDKTests-macOS */ = {
			isa = PBXNativeTarget;
			buildConfigurationList = 3549BB871DA38B0000C63030 /* Build configuration list for PBXNativeTarget "MyBrainTechnologiesSDKTests-macOS" */;
			buildPhases = (
				3549BB7B1DA38B0000C63030 /* Sources */,
				3549BB7C1DA38B0000C63030 /* Frameworks */,
				3549BB7D1DA38B0000C63030 /* Resources */,
			);
			buildRules = (
			);
			dependencies = (
				3549BB861DA38B0000C63030 /* PBXTargetDependency */,
			);
			name = "MyBrainTechnologiesSDKTests-macOS";
			productName = "MyBrainTechnologiesSDKTests-macOS";
			productReference = 3549BB7F1DA38B0000C63030 /* MyBrainTechnologiesSDKTests-macOS.xctest */;
			productType = "com.apple.product-type.bundle.unit-test";
		};
/* End PBXNativeTarget section */

/* Begin PBXProject section */
		3549BAFC1DA387DB00C63030 /* Project object */ = {
			isa = PBXProject;
			attributes = {
				LastSwiftUpdateCheck = 0800;
				LastUpgradeCheck = 0830;
				ORGANIZATIONNAME = MyBrainTechnologies;
				TargetAttributes = {
					3549BB201DA389CD00C63030 = {
						CreatedOnToolsVersion = 8.0;
						DevelopmentTeam = 6672ETQ9F2;
						LastSwiftMigration = 0830;
						ProvisioningStyle = Automatic;
					};
					3549BB2D1DA389DB00C63030 = {
						CreatedOnToolsVersion = 8.0;
						ProvisioningStyle = Automatic;
					};
					3549BB3A1DA389E800C63030 = {
						CreatedOnToolsVersion = 8.0;
						ProvisioningStyle = Automatic;
					};
					3549BB471DA389F300C63030 = {
						CreatedOnToolsVersion = 8.0;
						ProvisioningStyle = Automatic;
					};
					3549BB601DA38ADB00C63030 = {
						CreatedOnToolsVersion = 8.0;
						DevelopmentTeam = 6672ETQ9F2;
						LastSwiftMigration = 0800;
						ProvisioningStyle = Automatic;
					};
					3549BB6F1DA38AEF00C63030 = {
						CreatedOnToolsVersion = 8.0;
						LastSwiftMigration = 0800;
						ProvisioningStyle = Automatic;
					};
					3549BB7E1DA38B0000C63030 = {
						CreatedOnToolsVersion = 8.0;
						LastSwiftMigration = 0800;
						ProvisioningStyle = Automatic;
					};
				};
			};
			buildConfigurationList = 3549BAFF1DA387DB00C63030 /* Build configuration list for PBXProject "MyBrainTechnologiesSDK" */;
			compatibilityVersion = "Xcode 3.2";
			developmentRegion = English;
			hasScannedForEncodings = 0;
			knownRegions = (
				en,
			);
			mainGroup = 3549BAFB1DA387DB00C63030;
			productRefGroup = 3549BB061DA387DB00C63030 /* Products */;
			projectDirPath = "";
			projectRoot = "";
			targets = (
				3549BB201DA389CD00C63030 /* MyBrainTechnologiesSDK-iOS */,
				3549BB601DA38ADB00C63030 /* MyBrainTechnologiesSDKTests-iOS */,
				3549BB3A1DA389E800C63030 /* MyBrainTechnologiesSDK-macOS */,
				3549BB7E1DA38B0000C63030 /* MyBrainTechnologiesSDKTests-macOS */,
				3549BB471DA389F300C63030 /* MyBrainTechnologiesSDK-tvOS */,
				3549BB6F1DA38AEF00C63030 /* MyBrainTechnologiesSDKTests-tvOS */,
				3549BB2D1DA389DB00C63030 /* MyBrainTechnologiesSDK-watchOS */,
			);
		};
/* End PBXProject section */

/* Begin PBXResourcesBuildPhase section */
		3549BB1F1DA389CD00C63030 /* Resources */ = {
			isa = PBXResourcesBuildPhase;
			buildActionMask = 2147483647;
			files = (
			);
			runOnlyForDeploymentPostprocessing = 0;
		};
		3549BB2C1DA389DB00C63030 /* Resources */ = {
			isa = PBXResourcesBuildPhase;
			buildActionMask = 2147483647;
			files = (
			);
			runOnlyForDeploymentPostprocessing = 0;
		};
		3549BB391DA389E800C63030 /* Resources */ = {
			isa = PBXResourcesBuildPhase;
			buildActionMask = 2147483647;
			files = (
			);
			runOnlyForDeploymentPostprocessing = 0;
		};
		3549BB461DA389F300C63030 /* Resources */ = {
			isa = PBXResourcesBuildPhase;
			buildActionMask = 2147483647;
			files = (
			);
			runOnlyForDeploymentPostprocessing = 0;
		};
		3549BB5F1DA38ADB00C63030 /* Resources */ = {
			isa = PBXResourcesBuildPhase;
			buildActionMask = 2147483647;
			files = (
			);
			runOnlyForDeploymentPostprocessing = 0;
		};
		3549BB6E1DA38AEF00C63030 /* Resources */ = {
			isa = PBXResourcesBuildPhase;
			buildActionMask = 2147483647;
			files = (
			);
			runOnlyForDeploymentPostprocessing = 0;
		};
		3549BB7D1DA38B0000C63030 /* Resources */ = {
			isa = PBXResourcesBuildPhase;
			buildActionMask = 2147483647;
			files = (
			);
			runOnlyForDeploymentPostprocessing = 0;
		};
/* End PBXResourcesBuildPhase section */

/* Begin PBXShellScriptBuildPhase section */
		F41A6D671F05401100092027 /* ShellScript */ = {
			isa = PBXShellScriptBuildPhase;
			buildActionMask = 2147483647;
			files = (
			);
			inputPaths = (
				"$(SRCROOT)/Carthage/Build/iOS/Realm.framework",
				"$(SRCROOT)/Carthage/Build/iOS/RealmSwift.framework",
			);
			outputPaths = (
			);
			runOnlyForDeploymentPostprocessing = 0;
			shellPath = /bin/sh;
			shellScript = "/usr/local/bin/carthage copy-frameworks";
		};
/* End PBXShellScriptBuildPhase section */

/* Begin PBXSourcesBuildPhase section */
		3549BB1C1DA389CD00C63030 /* Sources */ = {
			isa = PBXSourcesBuildPhase;
			buildActionMask = 2147483647;
			files = (
				F420E9A61EFD5F68008C0B08 /* MBTBluetoothManager.swift in Sources */,
				F41A6D6E1F05588100092027 /* MBTDevice.swift in Sources */,
				F47AE4901F028FA700AB3C24 /* MBTBluetoothA2DPDelegate.swift in Sources */,
				F420E9A91EFD6288008C0B08 /* MBTAcquisitionManager.swift in Sources */,
				F41A6D701F056DA800092027 /* MBTEEGPacket.swift in Sources */,
				F458373D1EC5C21000C5D596 /* MelomindEngine.swift in Sources */,
				F420E9A51EFD5F68008C0B08 /* MBTBluetoothLE.swift in Sources */,
				F41D0C141F02A7650081AA7B /* MBTAcquisitionDelegate.swift in Sources */,
				F4A235ED1F01786200A0145A /* MelomindEngineDelegate.swift in Sources */,
				F420E9A41EFD5F68008C0B08 /* MBTBluetoothEventDelegate.swift in Sources */,
				F420E9A31EFD5F68008C0B08 /* MBTBluetoothA2DP.swift in Sources */,
			);
			runOnlyForDeploymentPostprocessing = 0;
		};
		3549BB291DA389DB00C63030 /* Sources */ = {
			isa = PBXSourcesBuildPhase;
			buildActionMask = 2147483647;
			files = (
			);
			runOnlyForDeploymentPostprocessing = 0;
		};
		3549BB361DA389E800C63030 /* Sources */ = {
			isa = PBXSourcesBuildPhase;
			buildActionMask = 2147483647;
			files = (
			);
			runOnlyForDeploymentPostprocessing = 0;
		};
		3549BB431DA389F300C63030 /* Sources */ = {
			isa = PBXSourcesBuildPhase;
			buildActionMask = 2147483647;
			files = (
			);
			runOnlyForDeploymentPostprocessing = 0;
		};
		3549BB5D1DA38ADB00C63030 /* Sources */ = {
			isa = PBXSourcesBuildPhase;
			buildActionMask = 2147483647;
			files = (
				3549BB8B1DA38C0A00C63030 /* MyBrainTechnologiesSDKSpec.swift in Sources */,
			);
			runOnlyForDeploymentPostprocessing = 0;
		};
		3549BB6C1DA38AEF00C63030 /* Sources */ = {
			isa = PBXSourcesBuildPhase;
			buildActionMask = 2147483647;
			files = (
				3549BB8D1DA38C0A00C63030 /* MyBrainTechnologiesSDKSpec.swift in Sources */,
			);
			runOnlyForDeploymentPostprocessing = 0;
		};
		3549BB7B1DA38B0000C63030 /* Sources */ = {
			isa = PBXSourcesBuildPhase;
			buildActionMask = 2147483647;
			files = (
				3549BB8C1DA38C0A00C63030 /* MyBrainTechnologiesSDKSpec.swift in Sources */,
			);
			runOnlyForDeploymentPostprocessing = 0;
		};
/* End PBXSourcesBuildPhase section */

/* Begin PBXTargetDependency section */
		3549BB681DA38ADB00C63030 /* PBXTargetDependency */ = {
			isa = PBXTargetDependency;
			target = 3549BB201DA389CD00C63030 /* MyBrainTechnologiesSDK-iOS */;
			targetProxy = 3549BB671DA38ADB00C63030 /* PBXContainerItemProxy */;
		};
		3549BB771DA38AEF00C63030 /* PBXTargetDependency */ = {
			isa = PBXTargetDependency;
			target = 3549BB471DA389F300C63030 /* MyBrainTechnologiesSDK-tvOS */;
			targetProxy = 3549BB761DA38AEF00C63030 /* PBXContainerItemProxy */;
		};
		3549BB861DA38B0000C63030 /* PBXTargetDependency */ = {
			isa = PBXTargetDependency;
			target = 3549BB3A1DA389E800C63030 /* MyBrainTechnologiesSDK-macOS */;
			targetProxy = 3549BB851DA38B0000C63030 /* PBXContainerItemProxy */;
		};
/* End PBXTargetDependency section */

/* Begin XCBuildConfiguration section */
		3549BB0B1DA387DB00C63030 /* Debug */ = {
			isa = XCBuildConfiguration;
			baseConfigurationReference = 35CD64EA1E60192300AF060B /* Debug.xcconfig */;
			buildSettings = {
				ALWAYS_SEARCH_USER_PATHS = NO;
				CLANG_ANALYZER_NONNULL = YES;
				CLANG_CXX_LANGUAGE_STANDARD = "gnu++0x";
				CLANG_CXX_LIBRARY = "libc++";
				CLANG_ENABLE_MODULES = YES;
				CLANG_ENABLE_OBJC_ARC = YES;
				CLANG_WARN_BOOL_CONVERSION = YES;
				CLANG_WARN_CONSTANT_CONVERSION = YES;
				CLANG_WARN_DIRECT_OBJC_ISA_USAGE = YES_ERROR;
				CLANG_WARN_DOCUMENTATION_COMMENTS = YES;
				CLANG_WARN_EMPTY_BODY = YES;
				CLANG_WARN_ENUM_CONVERSION = YES;
				CLANG_WARN_INFINITE_RECURSION = YES;
				CLANG_WARN_INT_CONVERSION = YES;
				CLANG_WARN_OBJC_ROOT_CLASS = YES_ERROR;
				CLANG_WARN_SUSPICIOUS_MOVE = YES;
				CLANG_WARN_SUSPICIOUS_MOVES = YES;
				CLANG_WARN_UNREACHABLE_CODE = YES;
				CLANG_WARN__DUPLICATE_METHOD_MATCH = YES;
				"CODE_SIGN_IDENTITY[sdk=iphoneos*]" = "iPhone Developer";
				COPY_PHASE_STRIP = NO;
				CURRENT_PROJECT_VERSION = 1;
				DEBUG_INFORMATION_FORMAT = dwarf;
				ENABLE_STRICT_OBJC_MSGSEND = YES;
				ENABLE_TESTABILITY = YES;
				GCC_C_LANGUAGE_STANDARD = gnu99;
				GCC_DYNAMIC_NO_PIC = NO;
				GCC_NO_COMMON_BLOCKS = YES;
				GCC_OPTIMIZATION_LEVEL = 0;
				GCC_PREPROCESSOR_DEFINITIONS = (
					"DEBUG=1",
					"$(inherited)",
				);
				GCC_WARN_64_TO_32_BIT_CONVERSION = YES;
				GCC_WARN_ABOUT_RETURN_TYPE = YES_ERROR;
				GCC_WARN_UNDECLARED_SELECTOR = YES;
				GCC_WARN_UNINITIALIZED_AUTOS = YES_AGGRESSIVE;
				GCC_WARN_UNUSED_FUNCTION = YES;
				GCC_WARN_UNUSED_VARIABLE = YES;
				IPHONEOS_DEPLOYMENT_TARGET = 8.0;
				MTL_ENABLE_DEBUG_INFO = YES;
				ONLY_ACTIVE_ARCH = YES;
				SDKROOT = iphoneos;
				SWIFT_ACTIVE_COMPILATION_CONDITIONS = DEBUG;
				SWIFT_OPTIMIZATION_LEVEL = "-Onone";
				TARGETED_DEVICE_FAMILY = "1,2";
				VERSIONING_SYSTEM = "apple-generic";
				VERSION_INFO_PREFIX = "";
			};
			name = Debug;
		};
		3549BB0C1DA387DB00C63030 /* Release */ = {
			isa = XCBuildConfiguration;
			baseConfigurationReference = 35CD64EC1E60192300AF060B /* Release.xcconfig */;
			buildSettings = {
				ALWAYS_SEARCH_USER_PATHS = NO;
				CLANG_ANALYZER_NONNULL = YES;
				CLANG_CXX_LANGUAGE_STANDARD = "gnu++0x";
				CLANG_CXX_LIBRARY = "libc++";
				CLANG_ENABLE_MODULES = YES;
				CLANG_ENABLE_OBJC_ARC = YES;
				CLANG_WARN_BOOL_CONVERSION = YES;
				CLANG_WARN_CONSTANT_CONVERSION = YES;
				CLANG_WARN_DIRECT_OBJC_ISA_USAGE = YES_ERROR;
				CLANG_WARN_DOCUMENTATION_COMMENTS = YES;
				CLANG_WARN_EMPTY_BODY = YES;
				CLANG_WARN_ENUM_CONVERSION = YES;
				CLANG_WARN_INFINITE_RECURSION = YES;
				CLANG_WARN_INT_CONVERSION = YES;
				CLANG_WARN_OBJC_ROOT_CLASS = YES_ERROR;
				CLANG_WARN_SUSPICIOUS_MOVE = YES;
				CLANG_WARN_SUSPICIOUS_MOVES = YES;
				CLANG_WARN_UNREACHABLE_CODE = YES;
				CLANG_WARN__DUPLICATE_METHOD_MATCH = YES;
				"CODE_SIGN_IDENTITY[sdk=iphoneos*]" = "iPhone Developer";
				COPY_PHASE_STRIP = NO;
				CURRENT_PROJECT_VERSION = 1;
				DEBUG_INFORMATION_FORMAT = "dwarf-with-dsym";
				ENABLE_NS_ASSERTIONS = NO;
				ENABLE_STRICT_OBJC_MSGSEND = YES;
				GCC_C_LANGUAGE_STANDARD = gnu99;
				GCC_NO_COMMON_BLOCKS = YES;
				GCC_WARN_64_TO_32_BIT_CONVERSION = YES;
				GCC_WARN_ABOUT_RETURN_TYPE = YES_ERROR;
				GCC_WARN_UNDECLARED_SELECTOR = YES;
				GCC_WARN_UNINITIALIZED_AUTOS = YES_AGGRESSIVE;
				GCC_WARN_UNUSED_FUNCTION = YES;
				GCC_WARN_UNUSED_VARIABLE = YES;
				IPHONEOS_DEPLOYMENT_TARGET = 8.0;
				MTL_ENABLE_DEBUG_INFO = NO;
				SDKROOT = iphoneos;
				SWIFT_OPTIMIZATION_LEVEL = "-Owholemodule";
				TARGETED_DEVICE_FAMILY = "1,2";
				VALIDATE_PRODUCT = YES;
				VERSIONING_SYSTEM = "apple-generic";
				VERSION_INFO_PREFIX = "";
			};
			name = Release;
		};
		3549BB271DA389CD00C63030 /* Debug */ = {
			isa = XCBuildConfiguration;
			baseConfigurationReference = 35CD65061E60192300AF060B /* iOS-Framework.xcconfig */;
			buildSettings = {
				CLANG_ENABLE_MODULES = YES;
				CODE_SIGN_IDENTITY = "";
				"CODE_SIGN_IDENTITY[sdk=iphoneos*]" = "";
				DEFINES_MODULE = YES;
				DEVELOPMENT_TEAM = 6672ETQ9F2;
				DYLIB_COMPATIBILITY_VERSION = 1;
				DYLIB_CURRENT_VERSION = 1;
				DYLIB_INSTALL_NAME_BASE = "@rpath";
				FRAMEWORK_SEARCH_PATHS = (
					"$(inherited)",
					"$(PROJECT_DIR)/Carthage/Checkouts/xcconfigs/Carthage/Build/iOS",
					"$(PROJECT_DIR)/Carthage/Checkouts/xcconfigs/Carthage/Build/Mac",
					"$(PROJECT_DIR)/Carthage/Checkouts/xcconfigs/Carthage/Build/tvOS",
					"$(PROJECT_DIR)/Carthage/Build/iOS",
				);
				INFOPLIST_FILE = Sources/Info.plist;
				INSTALL_PATH = "$(LOCAL_LIBRARY_DIR)/Frameworks";
				LD_RUNPATH_SEARCH_PATHS = "$(inherited) @executable_path/Frameworks @loader_path/Frameworks";
				PRODUCT_BUNDLE_IDENTIFIER = me.brass.MyBrainTechnologiesSDK;
				PRODUCT_NAME = MyBrainTechnologiesSDK;
				SKIP_INSTALL = YES;
				SWIFT_OPTIMIZATION_LEVEL = "-Onone";
				SWIFT_VERSION = 3.0;
			};
			name = Debug;
		};
		3549BB281DA389CD00C63030 /* Release */ = {
			isa = XCBuildConfiguration;
			baseConfigurationReference = 35CD65061E60192300AF060B /* iOS-Framework.xcconfig */;
			buildSettings = {
				CLANG_ENABLE_MODULES = YES;
				CODE_SIGN_IDENTITY = "";
				DEFINES_MODULE = YES;
				DEVELOPMENT_TEAM = 6672ETQ9F2;
				DYLIB_COMPATIBILITY_VERSION = 1;
				DYLIB_CURRENT_VERSION = 1;
				DYLIB_INSTALL_NAME_BASE = "@rpath";
				FRAMEWORK_SEARCH_PATHS = (
					"$(inherited)",
					"$(PROJECT_DIR)/Carthage/Checkouts/xcconfigs/Carthage/Build/iOS",
					"$(PROJECT_DIR)/Carthage/Checkouts/xcconfigs/Carthage/Build/Mac",
					"$(PROJECT_DIR)/Carthage/Checkouts/xcconfigs/Carthage/Build/tvOS",
					"$(PROJECT_DIR)/Carthage/Build/iOS",
				);
				INFOPLIST_FILE = Sources/Info.plist;
				INSTALL_PATH = "$(LOCAL_LIBRARY_DIR)/Frameworks";
				LD_RUNPATH_SEARCH_PATHS = "$(inherited) @executable_path/Frameworks @loader_path/Frameworks";
				PRODUCT_BUNDLE_IDENTIFIER = me.brass.MyBrainTechnologiesSDK;
				PRODUCT_NAME = MyBrainTechnologiesSDK;
				SKIP_INSTALL = YES;
				SWIFT_VERSION = 3.0;
			};
			name = Release;
		};
		3549BB341DA389DB00C63030 /* Debug */ = {
			isa = XCBuildConfiguration;
			baseConfigurationReference = 35CD65171E60192300AF060B /* watchOS-Framework.xcconfig */;
			buildSettings = {
				APPLICATION_EXTENSION_API_ONLY = YES;
				CODE_SIGN_IDENTITY = "";
				DEFINES_MODULE = YES;
				DYLIB_COMPATIBILITY_VERSION = 1;
				DYLIB_CURRENT_VERSION = 1;
				DYLIB_INSTALL_NAME_BASE = "@rpath";
				INFOPLIST_FILE = Sources/Info.plist;
				INSTALL_PATH = "$(LOCAL_LIBRARY_DIR)/Frameworks";
				LD_RUNPATH_SEARCH_PATHS = "$(inherited) @executable_path/Frameworks @loader_path/Frameworks";
				PRODUCT_BUNDLE_IDENTIFIER = me.b_rass.MyBrainTechnologiesSDK;
				PRODUCT_NAME = MyBrainTechnologiesSDK;
				SDKROOT = watchos;
				SKIP_INSTALL = YES;
				SWIFT_VERSION = 3.0;
				TARGETED_DEVICE_FAMILY = 4;
				WATCHOS_DEPLOYMENT_TARGET = 2.0;
			};
			name = Debug;
		};
		3549BB351DA389DB00C63030 /* Release */ = {
			isa = XCBuildConfiguration;
			baseConfigurationReference = 35CD65171E60192300AF060B /* watchOS-Framework.xcconfig */;
			buildSettings = {
				APPLICATION_EXTENSION_API_ONLY = YES;
				CODE_SIGN_IDENTITY = "";
				DEFINES_MODULE = YES;
				DYLIB_COMPATIBILITY_VERSION = 1;
				DYLIB_CURRENT_VERSION = 1;
				DYLIB_INSTALL_NAME_BASE = "@rpath";
				INFOPLIST_FILE = Sources/Info.plist;
				INSTALL_PATH = "$(LOCAL_LIBRARY_DIR)/Frameworks";
				LD_RUNPATH_SEARCH_PATHS = "$(inherited) @executable_path/Frameworks @loader_path/Frameworks";
				PRODUCT_BUNDLE_IDENTIFIER = me.b_rass.MyBrainTechnologiesSDK;
				PRODUCT_NAME = MyBrainTechnologiesSDK;
				SDKROOT = watchos;
				SKIP_INSTALL = YES;
				SWIFT_VERSION = 3.0;
				TARGETED_DEVICE_FAMILY = 4;
				WATCHOS_DEPLOYMENT_TARGET = 2.0;
			};
			name = Release;
		};
		3549BB411DA389E800C63030 /* Debug */ = {
			isa = XCBuildConfiguration;
			baseConfigurationReference = 35CD650C1E60192300AF060B /* Mac-Framework.xcconfig */;
			buildSettings = {
				CODE_SIGN_IDENTITY = "-";
				COMBINE_HIDPI_IMAGES = YES;
				DEFINES_MODULE = YES;
				DYLIB_COMPATIBILITY_VERSION = 1;
				DYLIB_CURRENT_VERSION = 1;
				DYLIB_INSTALL_NAME_BASE = "@rpath";
				FRAMEWORK_VERSION = A;
				INFOPLIST_FILE = Sources/Info.plist;
				INSTALL_PATH = "$(LOCAL_LIBRARY_DIR)/Frameworks";
				LD_RUNPATH_SEARCH_PATHS = "$(inherited) @executable_path/../Frameworks @loader_path/Frameworks";
				MACOSX_DEPLOYMENT_TARGET = 10.10;
				PRODUCT_BUNDLE_IDENTIFIER = me.b_rass.MyBrainTechnologiesSDK;
				PRODUCT_NAME = MyBrainTechnologiesSDK;
				SDKROOT = macosx;
				SKIP_INSTALL = YES;
				SWIFT_VERSION = 3.0;
			};
			name = Debug;
		};
		3549BB421DA389E800C63030 /* Release */ = {
			isa = XCBuildConfiguration;
			baseConfigurationReference = 35CD650C1E60192300AF060B /* Mac-Framework.xcconfig */;
			buildSettings = {
				CODE_SIGN_IDENTITY = "-";
				COMBINE_HIDPI_IMAGES = YES;
				DEFINES_MODULE = YES;
				DYLIB_COMPATIBILITY_VERSION = 1;
				DYLIB_CURRENT_VERSION = 1;
				DYLIB_INSTALL_NAME_BASE = "@rpath";
				FRAMEWORK_VERSION = A;
				INFOPLIST_FILE = Sources/Info.plist;
				INSTALL_PATH = "$(LOCAL_LIBRARY_DIR)/Frameworks";
				LD_RUNPATH_SEARCH_PATHS = "$(inherited) @executable_path/../Frameworks @loader_path/Frameworks";
				MACOSX_DEPLOYMENT_TARGET = 10.10;
				PRODUCT_BUNDLE_IDENTIFIER = me.b_rass.MyBrainTechnologiesSDK;
				PRODUCT_NAME = MyBrainTechnologiesSDK;
				SDKROOT = macosx;
				SKIP_INSTALL = YES;
				SWIFT_VERSION = 3.0;
			};
			name = Release;
		};
		3549BB4E1DA389F300C63030 /* Debug */ = {
			isa = XCBuildConfiguration;
			baseConfigurationReference = 35CD65121E60192300AF060B /* tvOS-Framework.xcconfig */;
			buildSettings = {
				CODE_SIGN_IDENTITY = "";
				DEFINES_MODULE = YES;
				DYLIB_COMPATIBILITY_VERSION = 1;
				DYLIB_CURRENT_VERSION = 1;
				DYLIB_INSTALL_NAME_BASE = "@rpath";
				INFOPLIST_FILE = "Sources/Info-tvOS.plist";
				INSTALL_PATH = "$(LOCAL_LIBRARY_DIR)/Frameworks";
				LD_RUNPATH_SEARCH_PATHS = "$(inherited) @executable_path/Frameworks @loader_path/Frameworks";
				PRODUCT_BUNDLE_IDENTIFIER = me.b_rass.MyBrainTechnologiesSDK;
				PRODUCT_NAME = MyBrainTechnologiesSDK;
				SDKROOT = appletvos;
				SKIP_INSTALL = YES;
				SWIFT_VERSION = 3.0;
				TARGETED_DEVICE_FAMILY = 3;
				TVOS_DEPLOYMENT_TARGET = 9.0;
			};
			name = Debug;
		};
		3549BB4F1DA389F300C63030 /* Release */ = {
			isa = XCBuildConfiguration;
			baseConfigurationReference = 35CD65121E60192300AF060B /* tvOS-Framework.xcconfig */;
			buildSettings = {
				CODE_SIGN_IDENTITY = "";
				DEFINES_MODULE = YES;
				DYLIB_COMPATIBILITY_VERSION = 1;
				DYLIB_CURRENT_VERSION = 1;
				DYLIB_INSTALL_NAME_BASE = "@rpath";
				INFOPLIST_FILE = "Sources/Info-tvOS.plist";
				INSTALL_PATH = "$(LOCAL_LIBRARY_DIR)/Frameworks";
				LD_RUNPATH_SEARCH_PATHS = "$(inherited) @executable_path/Frameworks @loader_path/Frameworks";
				PRODUCT_BUNDLE_IDENTIFIER = me.b_rass.MyBrainTechnologiesSDK;
				PRODUCT_NAME = MyBrainTechnologiesSDK;
				SDKROOT = appletvos;
				SKIP_INSTALL = YES;
				SWIFT_VERSION = 3.0;
				TARGETED_DEVICE_FAMILY = 3;
				TVOS_DEPLOYMENT_TARGET = 10.0;
			};
			name = Release;
		};
		3549BB6A1DA38ADB00C63030 /* Debug */ = {
			isa = XCBuildConfiguration;
			baseConfigurationReference = 35CD65041E60192300AF060B /* iOS-Application.xcconfig */;
			buildSettings = {
				ALWAYS_EMBED_SWIFT_STANDARD_LIBRARIES = YES;
				CLANG_ENABLE_MODULES = YES;
				DEVELOPMENT_TEAM = 6672ETQ9F2;
				FRAMEWORK_SEARCH_PATHS = (
					"$(inherited)",
					"$(PROJECT_DIR)/Carthage/Build/iOS",
				);
				INFOPLIST_FILE = Tests/Info.plist;
				LD_RUNPATH_SEARCH_PATHS = "$(inherited) @executable_path/Frameworks @loader_path/Frameworks";
				PRODUCT_BUNDLE_IDENTIFIER = me.brass.MyBrainTechnologiesSDKTests;
				PRODUCT_NAME = "$(TARGET_NAME)";
				SWIFT_OPTIMIZATION_LEVEL = "-Onone";
				SWIFT_VERSION = 3.0;
			};
			name = Debug;
		};
		3549BB6B1DA38ADB00C63030 /* Release */ = {
			isa = XCBuildConfiguration;
			baseConfigurationReference = 35CD65041E60192300AF060B /* iOS-Application.xcconfig */;
			buildSettings = {
				ALWAYS_EMBED_SWIFT_STANDARD_LIBRARIES = YES;
				CLANG_ENABLE_MODULES = YES;
				DEVELOPMENT_TEAM = 6672ETQ9F2;
				FRAMEWORK_SEARCH_PATHS = (
					"$(inherited)",
					"$(PROJECT_DIR)/Carthage/Build/iOS",
				);
				INFOPLIST_FILE = Tests/Info.plist;
				LD_RUNPATH_SEARCH_PATHS = "$(inherited) @executable_path/Frameworks @loader_path/Frameworks";
				PRODUCT_BUNDLE_IDENTIFIER = me.brass.MyBrainTechnologiesSDKTests;
				PRODUCT_NAME = "$(TARGET_NAME)";
				SWIFT_VERSION = 3.0;
			};
			name = Release;
		};
		3549BB791DA38AEF00C63030 /* Debug */ = {
			isa = XCBuildConfiguration;
			baseConfigurationReference = 35CD65101E60192300AF060B /* tvOS-Application.xcconfig */;
			buildSettings = {
				CLANG_ENABLE_MODULES = YES;
				FRAMEWORK_SEARCH_PATHS = (
					"$(inherited)",
					"$(PROJECT_DIR)/Carthage/Build/tvOS",
				);
				INFOPLIST_FILE = "Tests/Info-tvOS.plist";
				LD_RUNPATH_SEARCH_PATHS = "$(inherited) @executable_path/Frameworks @loader_path/Frameworks";
				PRODUCT_BUNDLE_IDENTIFIER = me.b_rass.MyBrainTechnologiesSDKTests;
				PRODUCT_NAME = "$(TARGET_NAME)";
				SDKROOT = appletvos;
				SWIFT_OPTIMIZATION_LEVEL = "-Onone";
				SWIFT_VERSION = 3.0;
				TVOS_DEPLOYMENT_TARGET = 9.0;
			};
			name = Debug;
		};
		3549BB7A1DA38AEF00C63030 /* Release */ = {
			isa = XCBuildConfiguration;
			baseConfigurationReference = 35CD65101E60192300AF060B /* tvOS-Application.xcconfig */;
			buildSettings = {
				CLANG_ENABLE_MODULES = YES;
				FRAMEWORK_SEARCH_PATHS = (
					"$(inherited)",
					"$(PROJECT_DIR)/Carthage/Build/tvOS",
				);
				INFOPLIST_FILE = "Tests/Info-tvOS.plist";
				LD_RUNPATH_SEARCH_PATHS = "$(inherited) @executable_path/Frameworks @loader_path/Frameworks";
				PRODUCT_BUNDLE_IDENTIFIER = me.b_rass.MyBrainTechnologiesSDKTests;
				PRODUCT_NAME = "$(TARGET_NAME)";
				SDKROOT = appletvos;
				SWIFT_VERSION = 3.0;
				TVOS_DEPLOYMENT_TARGET = 9.0;
			};
			name = Release;
		};
		3549BB881DA38B0000C63030 /* Debug */ = {
			isa = XCBuildConfiguration;
			baseConfigurationReference = 35CD65091E60192300AF060B /* Mac-Application.xcconfig */;
			buildSettings = {
				CLANG_ENABLE_MODULES = YES;
				CODE_SIGN_IDENTITY = "-";
				COMBINE_HIDPI_IMAGES = YES;
				FRAMEWORK_SEARCH_PATHS = (
					"$(inherited)",
					"$(PROJECT_DIR)/Carthage/Build/Mac",
				);
				INFOPLIST_FILE = Tests/Info.plist;
				LD_RUNPATH_SEARCH_PATHS = "$(inherited) @executable_path/../Frameworks @loader_path/../Frameworks";
				MACOSX_DEPLOYMENT_TARGET = 10.10;
				PRODUCT_BUNDLE_IDENTIFIER = me.b_rass.MyBrainTechnologiesSDKTests;
				PRODUCT_NAME = "$(TARGET_NAME)";
				SDKROOT = macosx;
				SWIFT_OPTIMIZATION_LEVEL = "-Onone";
				SWIFT_VERSION = 3.0;
			};
			name = Debug;
		};
		3549BB891DA38B0000C63030 /* Release */ = {
			isa = XCBuildConfiguration;
			baseConfigurationReference = 35CD65091E60192300AF060B /* Mac-Application.xcconfig */;
			buildSettings = {
				CLANG_ENABLE_MODULES = YES;
				CODE_SIGN_IDENTITY = "-";
				COMBINE_HIDPI_IMAGES = YES;
				FRAMEWORK_SEARCH_PATHS = (
					"$(inherited)",
					"$(PROJECT_DIR)/Carthage/Build/Mac",
				);
				INFOPLIST_FILE = Tests/Info.plist;
				LD_RUNPATH_SEARCH_PATHS = "$(inherited) @executable_path/../Frameworks @loader_path/../Frameworks";
				MACOSX_DEPLOYMENT_TARGET = 10.10;
				PRODUCT_BUNDLE_IDENTIFIER = me.b_rass.MyBrainTechnologiesSDKTests;
				PRODUCT_NAME = "$(TARGET_NAME)";
				SDKROOT = macosx;
				SWIFT_VERSION = 3.0;
			};
			name = Release;
		};
/* End XCBuildConfiguration section */

/* Begin XCConfigurationList section */
		3549BAFF1DA387DB00C63030 /* Build configuration list for PBXProject "MyBrainTechnologiesSDK" */ = {
			isa = XCConfigurationList;
			buildConfigurations = (
				3549BB0B1DA387DB00C63030 /* Debug */,
				3549BB0C1DA387DB00C63030 /* Release */,
			);
			defaultConfigurationIsVisible = 0;
			defaultConfigurationName = Release;
		};
		3549BB261DA389CD00C63030 /* Build configuration list for PBXNativeTarget "MyBrainTechnologiesSDK-iOS" */ = {
			isa = XCConfigurationList;
			buildConfigurations = (
				3549BB271DA389CD00C63030 /* Debug */,
				3549BB281DA389CD00C63030 /* Release */,
			);
			defaultConfigurationIsVisible = 0;
			defaultConfigurationName = Release;
		};
		3549BB331DA389DB00C63030 /* Build configuration list for PBXNativeTarget "MyBrainTechnologiesSDK-watchOS" */ = {
			isa = XCConfigurationList;
			buildConfigurations = (
				3549BB341DA389DB00C63030 /* Debug */,
				3549BB351DA389DB00C63030 /* Release */,
			);
			defaultConfigurationIsVisible = 0;
			defaultConfigurationName = Release;
		};
		3549BB401DA389E800C63030 /* Build configuration list for PBXNativeTarget "MyBrainTechnologiesSDK-macOS" */ = {
			isa = XCConfigurationList;
			buildConfigurations = (
				3549BB411DA389E800C63030 /* Debug */,
				3549BB421DA389E800C63030 /* Release */,
			);
			defaultConfigurationIsVisible = 0;
			defaultConfigurationName = Release;
		};
		3549BB4D1DA389F300C63030 /* Build configuration list for PBXNativeTarget "MyBrainTechnologiesSDK-tvOS" */ = {
			isa = XCConfigurationList;
			buildConfigurations = (
				3549BB4E1DA389F300C63030 /* Debug */,
				3549BB4F1DA389F300C63030 /* Release */,
			);
			defaultConfigurationIsVisible = 0;
			defaultConfigurationName = Release;
		};
		3549BB691DA38ADB00C63030 /* Build configuration list for PBXNativeTarget "MyBrainTechnologiesSDKTests-iOS" */ = {
			isa = XCConfigurationList;
			buildConfigurations = (
				3549BB6A1DA38ADB00C63030 /* Debug */,
				3549BB6B1DA38ADB00C63030 /* Release */,
			);
			defaultConfigurationIsVisible = 0;
			defaultConfigurationName = Release;
		};
		3549BB781DA38AEF00C63030 /* Build configuration list for PBXNativeTarget "MyBrainTechnologiesSDKTests-tvOS" */ = {
			isa = XCConfigurationList;
			buildConfigurations = (
				3549BB791DA38AEF00C63030 /* Debug */,
				3549BB7A1DA38AEF00C63030 /* Release */,
			);
			defaultConfigurationIsVisible = 0;
			defaultConfigurationName = Release;
		};
		3549BB871DA38B0000C63030 /* Build configuration list for PBXNativeTarget "MyBrainTechnologiesSDKTests-macOS" */ = {
			isa = XCConfigurationList;
			buildConfigurations = (
				3549BB881DA38B0000C63030 /* Debug */,
				3549BB891DA38B0000C63030 /* Release */,
			);
			defaultConfigurationIsVisible = 0;
			defaultConfigurationName = Release;
		};
/* End XCConfigurationList section */
	};
	rootObject = 3549BAFC1DA387DB00C63030 /* Project object */;
}
